
Microsoft Visual Studio Solution File, Format Version 12.00
# Visual Studio Version 16
VisualStudioVersion = 16.0.31829.152
MinimumVisualStudioVersion = 10.0.40219.1
Project("{FAE04EC0-301F-11D3-BF4B-00C04F79EFBC}") = "Hackathon-2021", "Hackathon-2021.csproj", "{89DB7A14-199C-497E-8A59-E8E1CFE17BFA}"
EndProject
Global
	GlobalSection(SolutionConfigurationPlatforms) = preSolution
		Debug|Any CPU = Debug|Any CPU
		Release|Any CPU = Release|Any CPU
	EndGlobalSection
	GlobalSection(ProjectConfigurationPlatforms) = postSolution
		{89DB7A14-199C-497E-8A59-E8E1CFE17BFA}.Debug|Any CPU.ActiveCfg = Debug|Any CPU
		{89DB7A14-199C-497E-8A59-E8E1CFE17BFA}.Debug|Any CPU.Build.0 = Debug|Any CPU
		{89DB7A14-199C-497E-8A59-E8E1CFE17BFA}.Release|Any CPU.ActiveCfg = Release|Any CPU
		{89DB7A14-199C-497E-8A59-E8E1CFE17BFA}.Release|Any CPU.Build.0 = Release|Any CPU
	EndGlobalSection
	GlobalSection(SolutionProperties) = preSolution
		HideSolutionNode = FALSE
	EndGlobalSection
	GlobalSection(ExtensibilityGlobals) = postSolution
		SolutionGuid = {F71E6B7F-6B76-490E-A6B4-BB0EF0F0035E}
	EndGlobalSection
EndGlobal
